
Microsoft Visual Studio Solution File, Format Version 12.00
# Visual Studio Version 16
VisualStudioVersion = 16.0.33027.164
MinimumVisualStudioVersion = 10.0.40219.1
Project("{FAE04EC0-301F-11D3-BF4B-00C04F79EFBC}") = "3.15", "3.15.csproj", "{4D7D304D-438F-4F02-A60F-86A527156E47}"
EndProject
Global
	GlobalSection(SolutionConfigurationPlatforms) = preSolution
		Debug|Any CPU = Debug|Any CPU
		Release|Any CPU = Release|Any CPU
	EndGlobalSection
	GlobalSection(ProjectConfigurationPlatforms) = postSolution
		{4D7D304D-438F-4F02-A60F-86A527156E47}.Debug|Any CPU.ActiveCfg = Debug|Any CPU
		{4D7D304D-438F-4F02-A60F-86A527156E47}.Debug|Any CPU.Build.0 = Debug|Any CPU
		{4D7D304D-438F-4F02-A60F-86A527156E47}.Release|Any CPU.ActiveCfg = Release|Any CPU
		{4D7D304D-438F-4F02-A60F-86A527156E47}.Release|Any CPU.Build.0 = Release|Any CPU
	EndGlobalSection
	GlobalSection(SolutionProperties) = preSolution
		HideSolutionNode = FALSE
	EndGlobalSection
	GlobalSection(ExtensibilityGlobals) = postSolution
		SolutionGuid = {EFFAB236-BD1C-4546-822F-1B4E47F4B769}
	EndGlobalSection
EndGlobal
